// !$*UTF8*$!
{
	archiveVersion = 1;
	classes = {
	};
	objectVersion = 46;
	objects = {

/* Begin PBXBuildFile section */
		B0A6EBEF81E136340F0F1E4C /* libPods.a in Frameworks */ = {isa = PBXBuildFile; fileRef = 216715E2C78779CB252FC79F /* libPods.a */; };
		BBA8895A1C3A1384000A698C /* RecordTableview.m in Sources */ = {isa = PBXBuildFile; fileRef = BBA889591C3A1384000A698C /* RecordTableview.m */; };
		BBB361F71C72CD5400A34A39 /* lyj0000.gif in Resources */ = {isa = PBXBuildFile; fileRef = BBB361DE1C72CD5400A34A39 /* lyj0000.gif */; };
		BBB361F81C72CD5400A34A39 /* lyj0001.gif in Resources */ = {isa = PBXBuildFile; fileRef = BBB361DF1C72CD5400A34A39 /* lyj0001.gif */; };
		BBB361F91C72CD5400A34A39 /* lyj0002.gif in Resources */ = {isa = PBXBuildFile; fileRef = BBB361E01C72CD5400A34A39 /* lyj0002.gif */; };
		BBB361FA1C72CD5400A34A39 /* lyj0003.gif in Resources */ = {isa = PBXBuildFile; fileRef = BBB361E11C72CD5400A34A39 /* lyj0003.gif */; };
		BBB361FB1C72CD5400A34A39 /* lyj0004.gif in Resources */ = {isa = PBXBuildFile; fileRef = BBB361E21C72CD5400A34A39 /* lyj0004.gif */; };
		BBB361FC1C72CD5400A34A39 /* lyj0005.gif in Resources */ = {isa = PBXBuildFile; fileRef = BBB361E31C72CD5400A34A39 /* lyj0005.gif */; };
		BBB361FD1C72CD5400A34A39 /* lyj0006.gif in Resources */ = {isa = PBXBuildFile; fileRef = BBB361E41C72CD5400A34A39 /* lyj0006.gif */; };
		BBB361FE1C72CD5400A34A39 /* lyj0007.gif in Resources */ = {isa = PBXBuildFile; fileRef = BBB361E51C72CD5400A34A39 /* lyj0007.gif */; };
		BBB361FF1C72CD5400A34A39 /* lyj0008.gif in Resources */ = {isa = PBXBuildFile; fileRef = BBB361E61C72CD5400A34A39 /* lyj0008.gif */; };
		BBB362001C72CD5400A34A39 /* lyj0009.gif in Resources */ = {isa = PBXBuildFile; fileRef = BBB361E71C72CD5400A34A39 /* lyj0009.gif */; };
		BBB362011C72CD5400A34A39 /* lyj0010.gif in Resources */ = {isa = PBXBuildFile; fileRef = BBB361E81C72CD5400A34A39 /* lyj0010.gif */; };
		BBB362021C72CD5400A34A39 /* lyj0011.gif in Resources */ = {isa = PBXBuildFile; fileRef = BBB361E91C72CD5400A34A39 /* lyj0011.gif */; };
		BBB362031C72CD5400A34A39 /* lyj0000.png in Resources */ = {isa = PBXBuildFile; fileRef = BBB361EB1C72CD5400A34A39 /* lyj0000.png */; };
		BBB362041C72CD5400A34A39 /* lyj0001.png in Resources */ = {isa = PBXBuildFile; fileRef = BBB361EC1C72CD5400A34A39 /* lyj0001.png */; };
		BBB362051C72CD5400A34A39 /* lyj0002.png in Resources */ = {isa = PBXBuildFile; fileRef = BBB361ED1C72CD5400A34A39 /* lyj0002.png */; };
		BBB362061C72CD5400A34A39 /* lyj0003.png in Resources */ = {isa = PBXBuildFile; fileRef = BBB361EE1C72CD5400A34A39 /* lyj0003.png */; };
		BBB362071C72CD5400A34A39 /* lyj0004.png in Resources */ = {isa = PBXBuildFile; fileRef = BBB361EF1C72CD5400A34A39 /* lyj0004.png */; };
		BBB362081C72CD5400A34A39 /* lyj0005.png in Resources */ = {isa = PBXBuildFile; fileRef = BBB361F01C72CD5400A34A39 /* lyj0005.png */; };
		BBB362091C72CD5400A34A39 /* lyj0006.png in Resources */ = {isa = PBXBuildFile; fileRef = BBB361F11C72CD5400A34A39 /* lyj0006.png */; };
		BBB3620A1C72CD5400A34A39 /* lyj0007.png in Resources */ = {isa = PBXBuildFile; fileRef = BBB361F21C72CD5400A34A39 /* lyj0007.png */; };
		BBB3620B1C72CD5400A34A39 /* lyj0008.png in Resources */ = {isa = PBXBuildFile; fileRef = BBB361F31C72CD5400A34A39 /* lyj0008.png */; };
		BBB3620C1C72CD5400A34A39 /* lyj0009.png in Resources */ = {isa = PBXBuildFile; fileRef = BBB361F41C72CD5400A34A39 /* lyj0009.png */; };
		BBB3620D1C72CD5400A34A39 /* lyj0010.png in Resources */ = {isa = PBXBuildFile; fileRef = BBB361F51C72CD5400A34A39 /* lyj0010.png */; };
		BBB3620E1C72CD5400A34A39 /* lyj0011.png in Resources */ = {isa = PBXBuildFile; fileRef = BBB361F61C72CD5400A34A39 /* lyj0011.png */; };
		BBB362311C72F1A000A34A39 /* IQNSArray+Sort.m in Sources */ = {isa = PBXBuildFile; fileRef = BBB362121C72F1A000A34A39 /* IQNSArray+Sort.m */; };
		BBB362321C72F1A000A34A39 /* IQUITextFieldView+Additions.m in Sources */ = {isa = PBXBuildFile; fileRef = BBB362141C72F1A000A34A39 /* IQUITextFieldView+Additions.m */; };
		BBB362331C72F1A000A34A39 /* IQUIView+Hierarchy.m in Sources */ = {isa = PBXBuildFile; fileRef = BBB362161C72F1A000A34A39 /* IQUIView+Hierarchy.m */; };
		BBB362341C72F1A000A34A39 /* IQUIViewController+Additions.m in Sources */ = {isa = PBXBuildFile; fileRef = BBB362181C72F1A000A34A39 /* IQUIViewController+Additions.m */; };
		BBB362351C72F1A000A34A39 /* IQUIWindow+Hierarchy.m in Sources */ = {isa = PBXBuildFile; fileRef = BBB3621A1C72F1A000A34A39 /* IQUIWindow+Hierarchy.m */; };
		BBB362361C72F1A000A34A39 /* IQKeyboardManager.m in Sources */ = {isa = PBXBuildFile; fileRef = BBB3621F1C72F1A000A34A39 /* IQKeyboardManager.m */; };
		BBB362371C72F1A000A34A39 /* IQKeyboardReturnKeyHandler.m in Sources */ = {isa = PBXBuildFile; fileRef = BBB362211C72F1A000A34A39 /* IQKeyboardReturnKeyHandler.m */; };
		BBB362381C72F1A000A34A39 /* IQTextView.m in Sources */ = {isa = PBXBuildFile; fileRef = BBB362241C72F1A000A34A39 /* IQTextView.m */; };
		BBB362391C72F1A000A34A39 /* IQBarButtonItem.m in Sources */ = {isa = PBXBuildFile; fileRef = BBB362271C72F1A000A34A39 /* IQBarButtonItem.m */; };
		BBB3623A1C72F1A000A34A39 /* IQTitleBarButtonItem.m in Sources */ = {isa = PBXBuildFile; fileRef = BBB362291C72F1A000A34A39 /* IQTitleBarButtonItem.m */; };
		BBB3623B1C72F1A000A34A39 /* IQToolbar.m in Sources */ = {isa = PBXBuildFile; fileRef = BBB3622B1C72F1A000A34A39 /* IQToolbar.m */; };
		BBB3623C1C72F1A000A34A39 /* IQUIView+IQKeyboardToolbar.m in Sources */ = {isa = PBXBuildFile; fileRef = BBB3622D1C72F1A000A34A39 /* IQUIView+IQKeyboardToolbar.m */; };
		BBB3623D1C72F1A000A34A39 /* IQKeyboardManager.bundle in Resources */ = {isa = PBXBuildFile; fileRef = BBB362301C72F1A000A34A39 /* IQKeyboardManager.bundle */; };
		BBCFE8351C61D1740064125E /* QuartzCore.framework in Frameworks */ = {isa = PBXBuildFile; fileRef = BBCFE8341C61D1740064125E /* QuartzCore.framework */; };
		BBCFE8371C61D17B0064125E /* ImageIO.framework in Frameworks */ = {isa = PBXBuildFile; fileRef = BBCFE8361C61D17B0064125E /* ImageIO.framework */; };
		BBCFE8391C61D1810064125E /* UIKit.framework in Frameworks */ = {isa = PBXBuildFile; fileRef = BBCFE8381C61D1810064125E /* UIKit.framework */; };
		BBCFE83B1C61D1870064125E /* Foundation.framework in Frameworks */ = {isa = PBXBuildFile; fileRef = BBCFE83A1C61D1870064125E /* Foundation.framework */; };
		BBCFE83D1C61D18F0064125E /* CoreGraphics.framework in Frameworks */ = {isa = PBXBuildFile; fileRef = BBCFE83C1C61D18F0064125E /* CoreGraphics.framework */; };
		BBD338711C34C8CA007EB501 /* InputView.m in Sources */ = {isa = PBXBuildFile; fileRef = BBD338701C34C8CA007EB501 /* InputView.m */; };
		BBD3388A1C34CCD0007EB501 /* MASCompositeConstraint.m in Sources */ = {isa = PBXBuildFile; fileRef = BBD338741C34CCD0007EB501 /* MASCompositeConstraint.m */; };
		BBD3388B1C34CCD0007EB501 /* MASConstraint.m in Sources */ = {isa = PBXBuildFile; fileRef = BBD338771C34CCD0007EB501 /* MASConstraint.m */; };
		BBD3388C1C34CCD0007EB501 /* MASConstraintMaker.m in Sources */ = {isa = PBXBuildFile; fileRef = BBD338791C34CCD0007EB501 /* MASConstraintMaker.m */; };
		BBD3388D1C34CCD0007EB501 /* MASLayoutConstraint.m in Sources */ = {isa = PBXBuildFile; fileRef = BBD3387B1C34CCD0007EB501 /* MASLayoutConstraint.m */; };
		BBD3388E1C34CCD0007EB501 /* MASViewAttribute.m in Sources */ = {isa = PBXBuildFile; fileRef = BBD3387F1C34CCD0007EB501 /* MASViewAttribute.m */; };
		BBD3388F1C34CCD0007EB501 /* MASViewConstraint.m in Sources */ = {isa = PBXBuildFile; fileRef = BBD338811C34CCD0007EB501 /* MASViewConstraint.m */; };
		BBD338901C34CCD0007EB501 /* NSArray+MASAdditions.m in Sources */ = {isa = PBXBuildFile; fileRef = BBD338831C34CCD0007EB501 /* NSArray+MASAdditions.m */; };
		BBD338911C34CCD0007EB501 /* NSLayoutConstraint+MASDebugAdditions.m in Sources */ = {isa = PBXBuildFile; fileRef = BBD338861C34CCD0007EB501 /* NSLayoutConstraint+MASDebugAdditions.m */; };
		BBD338921C34CCD0007EB501 /* View+MASAdditions.m in Sources */ = {isa = PBXBuildFile; fileRef = BBD338881C34CCD0007EB501 /* View+MASAdditions.m */; };
		BBD338CD1C3521A8007EB501 /* WaterTableViewCell.m in Sources */ = {isa = PBXBuildFile; fileRef = BBD338CC1C3521A8007EB501 /* WaterTableViewCell.m */; };
		BBD338D01C3528D8007EB501 /* Tools.m in Sources */ = {isa = PBXBuildFile; fileRef = BBD338CF1C3528D8007EB501 /* Tools.m */; };
		BBF390541C33BF5B00F33768 /* main.m in Sources */ = {isa = PBXBuildFile; fileRef = BBF390531C33BF5B00F33768 /* main.m */; };
		BBF390571C33BF5C00F33768 /* AppDelegate.m in Sources */ = {isa = PBXBuildFile; fileRef = BBF390561C33BF5C00F33768 /* AppDelegate.m */; };
		BBF3905A1C33BF5C00F33768 /* ViewController.m in Sources */ = {isa = PBXBuildFile; fileRef = BBF390591C33BF5C00F33768 /* ViewController.m */; };
		BBF3905D1C33BF5C00F33768 /* Main.storyboard in Resources */ = {isa = PBXBuildFile; fileRef = BBF3905B1C33BF5C00F33768 /* Main.storyboard */; };
		BBF3905F1C33BF5C00F33768 /* Assets.xcassets in Resources */ = {isa = PBXBuildFile; fileRef = BBF3905E1C33BF5C00F33768 /* Assets.xcassets */; };
		BBF390621C33BF5C00F33768 /* LaunchScreen.storyboard in Resources */ = {isa = PBXBuildFile; fileRef = BBF390601C33BF5C00F33768 /* LaunchScreen.storyboard */; };
		BBF3906D1C33BF5C00F33768 /* emojiKeyboardTestTests.m in Sources */ = {isa = PBXBuildFile; fileRef = BBF3906C1C33BF5C00F33768 /* emojiKeyboardTestTests.m */; };
		BBF390781C33BF5C00F33768 /* emojiKeyboardTestUITests.m in Sources */ = {isa = PBXBuildFile; fileRef = BBF390771C33BF5C00F33768 /* emojiKeyboardTestUITests.m */; };
		BBF390861C33BF7B00F33768 /* Emoji.plist in Resources */ = {isa = PBXBuildFile; fileRef = BBF390851C33BF7B00F33768 /* Emoji.plist */; };
		BBF390B11C33C60C00F33768 /* FaceView.m in Sources */ = {isa = PBXBuildFile; fileRef = BBF390B01C33C60C00F33768 /* FaceView.m */; };
		BBF390B41C33D2BE00F33768 /* FaceTextAttachment.m in Sources */ = {isa = PBXBuildFile; fileRef = BBF390B31C33D2BE00F33768 /* FaceTextAttachment.m */; };
		BBF390B61C33D45B00F33768 /* delete.png in Resources */ = {isa = PBXBuildFile; fileRef = BBF390B51C33D45B00F33768 /* delete.png */; };
/* End PBXBuildFile section */

/* Begin PBXContainerItemProxy section */
		BBF390691C33BF5C00F33768 /* PBXContainerItemProxy */ = {
			isa = PBXContainerItemProxy;
			containerPortal = BBF390471C33BF5B00F33768 /* Project object */;
			proxyType = 1;
			remoteGlobalIDString = BBF3904E1C33BF5B00F33768;
			remoteInfo = emojiKeyboardTest;
		};
		BBF390741C33BF5C00F33768 /* PBXContainerItemProxy */ = {
			isa = PBXContainerItemProxy;
			containerPortal = BBF390471C33BF5B00F33768 /* Project object */;
			proxyType = 1;
			remoteGlobalIDString = BBF3904E1C33BF5B00F33768;
			remoteInfo = emojiKeyboardTest;
		};
/* End PBXContainerItemProxy section */

/* Begin PBXFileReference section */
		216715E2C78779CB252FC79F /* libPods.a */ = {isa = PBXFileReference; explicitFileType = archive.ar; includeInIndex = 0; path = libPods.a; sourceTree = BUILT_PRODUCTS_DIR; };
		66AA98A512A6D4151A40F8D5 /* Pods.debug.xcconfig */ = {isa = PBXFileReference; includeInIndex = 1; lastKnownFileType = text.xcconfig; name = Pods.debug.xcconfig; path = "Pods/Target Support Files/Pods/Pods.debug.xcconfig"; sourceTree = "<group>"; };
		9F3B6FB4FDB70D99442451C7 /* Pods.release.xcconfig */ = {isa = PBXFileReference; includeInIndex = 1; lastKnownFileType = text.xcconfig; name = Pods.release.xcconfig; path = "Pods/Target Support Files/Pods/Pods.release.xcconfig"; sourceTree = "<group>"; };
		BBA889581C3A1384000A698C /* RecordTableview.h */ = {isa = PBXFileReference; fileEncoding = 4; lastKnownFileType = sourcecode.c.h; path = RecordTableview.h; sourceTree = "<group>"; };
		BBA889591C3A1384000A698C /* RecordTableview.m */ = {isa = PBXFileReference; fileEncoding = 4; lastKnownFileType = sourcecode.c.objc; path = RecordTableview.m; sourceTree = "<group>"; };
		BBB361DE1C72CD5400A34A39 /* lyj0000.gif */ = {isa = PBXFileReference; lastKnownFileType = image.gif; path = lyj0000.gif; sourceTree = "<group>"; };
		BBB361DF1C72CD5400A34A39 /* lyj0001.gif */ = {isa = PBXFileReference; lastKnownFileType = image.gif; path = lyj0001.gif; sourceTree = "<group>"; };
		BBB361E01C72CD5400A34A39 /* lyj0002.gif */ = {isa = PBXFileReference; lastKnownFileType = image.gif; path = lyj0002.gif; sourceTree = "<group>"; };
		BBB361E11C72CD5400A34A39 /* lyj0003.gif */ = {isa = PBXFileReference; lastKnownFileType = image.gif; path = lyj0003.gif; sourceTree = "<group>"; };
		BBB361E21C72CD5400A34A39 /* lyj0004.gif */ = {isa = PBXFileReference; lastKnownFileType = image.gif; path = lyj0004.gif; sourceTree = "<group>"; };
		BBB361E31C72CD5400A34A39 /* lyj0005.gif */ = {isa = PBXFileReference; lastKnownFileType = image.gif; path = lyj0005.gif; sourceTree = "<group>"; };
		BBB361E41C72CD5400A34A39 /* lyj0006.gif */ = {isa = PBXFileReference; lastKnownFileType = image.gif; path = lyj0006.gif; sourceTree = "<group>"; };
		BBB361E51C72CD5400A34A39 /* lyj0007.gif */ = {isa = PBXFileReference; lastKnownFileType = image.gif; path = lyj0007.gif; sourceTree = "<group>"; };
		BBB361E61C72CD5400A34A39 /* lyj0008.gif */ = {isa = PBXFileReference; lastKnownFileType = image.gif; path = lyj0008.gif; sourceTree = "<group>"; };
		BBB361E71C72CD5400A34A39 /* lyj0009.gif */ = {isa = PBXFileReference; lastKnownFileType = image.gif; path = lyj0009.gif; sourceTree = "<group>"; };
		BBB361E81C72CD5400A34A39 /* lyj0010.gif */ = {isa = PBXFileReference; lastKnownFileType = image.gif; path = lyj0010.gif; sourceTree = "<group>"; };
		BBB361E91C72CD5400A34A39 /* lyj0011.gif */ = {isa = PBXFileReference; lastKnownFileType = image.gif; path = lyj0011.gif; sourceTree = "<group>"; };
		BBB361EB1C72CD5400A34A39 /* lyj0000.png */ = {isa = PBXFileReference; lastKnownFileType = image.png; path = lyj0000.png; sourceTree = "<group>"; };
		BBB361EC1C72CD5400A34A39 /* lyj0001.png */ = {isa = PBXFileReference; lastKnownFileType = image.png; path = lyj0001.png; sourceTree = "<group>"; };
		BBB361ED1C72CD5400A34A39 /* lyj0002.png */ = {isa = PBXFileReference; lastKnownFileType = image.png; path = lyj0002.png; sourceTree = "<group>"; };
		BBB361EE1C72CD5400A34A39 /* lyj0003.png */ = {isa = PBXFileReference; lastKnownFileType = image.png; path = lyj0003.png; sourceTree = "<group>"; };
		BBB361EF1C72CD5400A34A39 /* lyj0004.png */ = {isa = PBXFileReference; lastKnownFileType = image.png; path = lyj0004.png; sourceTree = "<group>"; };
		BBB361F01C72CD5400A34A39 /* lyj0005.png */ = {isa = PBXFileReference; lastKnownFileType = image.png; path = lyj0005.png; sourceTree = "<group>"; };
		BBB361F11C72CD5400A34A39 /* lyj0006.png */ = {isa = PBXFileReference; lastKnownFileType = image.png; path = lyj0006.png; sourceTree = "<group>"; };
		BBB361F21C72CD5400A34A39 /* lyj0007.png */ = {isa = PBXFileReference; lastKnownFileType = image.png; path = lyj0007.png; sourceTree = "<group>"; };
		BBB361F31C72CD5400A34A39 /* lyj0008.png */ = {isa = PBXFileReference; lastKnownFileType = image.png; path = lyj0008.png; sourceTree = "<group>"; };
		BBB361F41C72CD5400A34A39 /* lyj0009.png */ = {isa = PBXFileReference; lastKnownFileType = image.png; path = lyj0009.png; sourceTree = "<group>"; };
		BBB361F51C72CD5400A34A39 /* lyj0010.png */ = {isa = PBXFileReference; lastKnownFileType = image.png; path = lyj0010.png; sourceTree = "<group>"; };
		BBB361F61C72CD5400A34A39 /* lyj0011.png */ = {isa = PBXFileReference; lastKnownFileType = image.png; path = lyj0011.png; sourceTree = "<group>"; };
		BBB362111C72F1A000A34A39 /* IQNSArray+Sort.h */ = {isa = PBXFileReference; fileEncoding = 4; lastKnownFileType = sourcecode.c.h; path = "IQNSArray+Sort.h"; sourceTree = "<group>"; };
		BBB362121C72F1A000A34A39 /* IQNSArray+Sort.m */ = {isa = PBXFileReference; fileEncoding = 4; lastKnownFileType = sourcecode.c.objc; path = "IQNSArray+Sort.m"; sourceTree = "<group>"; };
		BBB362131C72F1A000A34A39 /* IQUITextFieldView+Additions.h */ = {isa = PBXFileReference; fileEncoding = 4; lastKnownFileType = sourcecode.c.h; path = "IQUITextFieldView+Additions.h"; sourceTree = "<group>"; };
		BBB362141C72F1A000A34A39 /* IQUITextFieldView+Additions.m */ = {isa = PBXFileReference; fileEncoding = 4; lastKnownFileType = sourcecode.c.objc; path = "IQUITextFieldView+Additions.m"; sourceTree = "<group>"; };
		BBB362151C72F1A000A34A39 /* IQUIView+Hierarchy.h */ = {isa = PBXFileReference; fileEncoding = 4; lastKnownFileType = sourcecode.c.h; path = "IQUIView+Hierarchy.h"; sourceTree = "<group>"; };
		BBB362161C72F1A000A34A39 /* IQUIView+Hierarchy.m */ = {isa = PBXFileReference; fileEncoding = 4; lastKnownFileType = sourcecode.c.objc; path = "IQUIView+Hierarchy.m"; sourceTree = "<group>"; };
		BBB362171C72F1A000A34A39 /* IQUIViewController+Additions.h */ = {isa = PBXFileReference; fileEncoding = 4; lastKnownFileType = sourcecode.c.h; path = "IQUIViewController+Additions.h"; sourceTree = "<group>"; };
		BBB362181C72F1A000A34A39 /* IQUIViewController+Additions.m */ = {isa = PBXFileReference; fileEncoding = 4; lastKnownFileType = sourcecode.c.objc; path = "IQUIViewController+Additions.m"; sourceTree = "<group>"; };
		BBB362191C72F1A000A34A39 /* IQUIWindow+Hierarchy.h */ = {isa = PBXFileReference; fileEncoding = 4; lastKnownFileType = sourcecode.c.h; path = "IQUIWindow+Hierarchy.h"; sourceTree = "<group>"; };
		BBB3621A1C72F1A000A34A39 /* IQUIWindow+Hierarchy.m */ = {isa = PBXFileReference; fileEncoding = 4; lastKnownFileType = sourcecode.c.objc; path = "IQUIWindow+Hierarchy.m"; sourceTree = "<group>"; };
		BBB3621C1C72F1A000A34A39 /* IQKeyboardManagerConstants.h */ = {isa = PBXFileReference; fileEncoding = 4; lastKnownFileType = sourcecode.c.h; path = IQKeyboardManagerConstants.h; sourceTree = "<group>"; };
		BBB3621D1C72F1A000A34A39 /* IQKeyboardManagerConstantsInternal.h */ = {isa = PBXFileReference; fileEncoding = 4; lastKnownFileType = sourcecode.c.h; path = IQKeyboardManagerConstantsInternal.h; sourceTree = "<group>"; };
		BBB3621E1C72F1A000A34A39 /* IQKeyboardManager.h */ = {isa = PBXFileReference; fileEncoding = 4; lastKnownFileType = sourcecode.c.h; path = IQKeyboardManager.h; sourceTree = "<group>"; };
		BBB3621F1C72F1A000A34A39 /* IQKeyboardManager.m */ = {isa = PBXFileReference; fileEncoding = 4; lastKnownFileType = sourcecode.c.objc; path = IQKeyboardManager.m; sourceTree = "<group>"; };
		BBB362201C72F1A000A34A39 /* IQKeyboardReturnKeyHandler.h */ = {isa = PBXFileReference; fileEncoding = 4; lastKnownFileType = sourcecode.c.h; path = IQKeyboardReturnKeyHandler.h; sourceTree = "<group>"; };
		BBB362211C72F1A000A34A39 /* IQKeyboardReturnKeyHandler.m */ = {isa = PBXFileReference; fileEncoding = 4; lastKnownFileType = sourcecode.c.objc; path = IQKeyboardReturnKeyHandler.m; sourceTree = "<group>"; };
		BBB362231C72F1A000A34A39 /* IQTextView.h */ = {isa = PBXFileReference; fileEncoding = 4; lastKnownFileType = sourcecode.c.h; path = IQTextView.h; sourceTree = "<group>"; };
		BBB362241C72F1A000A34A39 /* IQTextView.m */ = {isa = PBXFileReference; fileEncoding = 4; lastKnownFileType = sourcecode.c.objc; path = IQTextView.m; sourceTree = "<group>"; };
		BBB362261C72F1A000A34A39 /* IQBarButtonItem.h */ = {isa = PBXFileReference; fileEncoding = 4; lastKnownFileType = sourcecode.c.h; path = IQBarButtonItem.h; sourceTree = "<group>"; };
		BBB362271C72F1A000A34A39 /* IQBarButtonItem.m */ = {isa = PBXFileReference; fileEncoding = 4; lastKnownFileType = sourcecode.c.objc; path = IQBarButtonItem.m; sourceTree = "<group>"; };
		BBB362281C72F1A000A34A39 /* IQTitleBarButtonItem.h */ = {isa = PBXFileReference; fileEncoding = 4; lastKnownFileType = sourcecode.c.h; path = IQTitleBarButtonItem.h; sourceTree = "<group>"; };
		BBB362291C72F1A000A34A39 /* IQTitleBarButtonItem.m */ = {isa = PBXFileReference; fileEncoding = 4; lastKnownFileType = sourcecode.c.objc; path = IQTitleBarButtonItem.m; sourceTree = "<group>"; };
		BBB3622A1C72F1A000A34A39 /* IQToolbar.h */ = {isa = PBXFileReference; fileEncoding = 4; lastKnownFileType = sourcecode.c.h; path = IQToolbar.h; sourceTree = "<group>"; };
		BBB3622B1C72F1A000A34A39 /* IQToolbar.m */ = {isa = PBXFileReference; fileEncoding = 4; lastKnownFileType = sourcecode.c.objc; path = IQToolbar.m; sourceTree = "<group>"; };
		BBB3622C1C72F1A000A34A39 /* IQUIView+IQKeyboardToolbar.h */ = {isa = PBXFileReference; fileEncoding = 4; lastKnownFileType = sourcecode.c.h; path = "IQUIView+IQKeyboardToolbar.h"; sourceTree = "<group>"; };
		BBB3622D1C72F1A000A34A39 /* IQUIView+IQKeyboardToolbar.m */ = {isa = PBXFileReference; fileEncoding = 4; lastKnownFileType = sourcecode.c.objc; path = "IQUIView+IQKeyboardToolbar.m"; sourceTree = "<group>"; };
		BBB3622E1C72F1A000A34A39 /* KeyboardManager.h */ = {isa = PBXFileReference; fileEncoding = 4; lastKnownFileType = sourcecode.c.h; path = KeyboardManager.h; sourceTree = "<group>"; };
		BBB362301C72F1A000A34A39 /* IQKeyboardManager.bundle */ = {isa = PBXFileReference; lastKnownFileType = "wrapper.plug-in"; path = IQKeyboardManager.bundle; sourceTree = "<group>"; };
		BBCFE8341C61D1740064125E /* QuartzCore.framework */ = {isa = PBXFileReference; lastKnownFileType = wrapper.framework; name = QuartzCore.framework; path = System/Library/Frameworks/QuartzCore.framework; sourceTree = SDKROOT; };
		BBCFE8361C61D17B0064125E /* ImageIO.framework */ = {isa = PBXFileReference; lastKnownFileType = wrapper.framework; name = ImageIO.framework; path = System/Library/Frameworks/ImageIO.framework; sourceTree = SDKROOT; };
		BBCFE8381C61D1810064125E /* UIKit.framework */ = {isa = PBXFileReference; lastKnownFileType = wrapper.framework; name = UIKit.framework; path = System/Library/Frameworks/UIKit.framework; sourceTree = SDKROOT; };
		BBCFE83A1C61D1870064125E /* Foundation.framework */ = {isa = PBXFileReference; lastKnownFileType = wrapper.framework; name = Foundation.framework; path = System/Library/Frameworks/Foundation.framework; sourceTree = SDKROOT; };
		BBCFE83C1C61D18F0064125E /* CoreGraphics.framework */ = {isa = PBXFileReference; lastKnownFileType = wrapper.framework; name = CoreGraphics.framework; path = System/Library/Frameworks/CoreGraphics.framework; sourceTree = SDKROOT; };
		BBD3386F1C34C8CA007EB501 /* InputView.h */ = {isa = PBXFileReference; fileEncoding = 4; lastKnownFileType = sourcecode.c.h; path = InputView.h; sourceTree = "<group>"; };
		BBD338701C34C8CA007EB501 /* InputView.m */ = {isa = PBXFileReference; fileEncoding = 4; lastKnownFileType = sourcecode.c.objc; path = InputView.m; sourceTree = "<group>"; };
		BBD338731C34CCD0007EB501 /* MASCompositeConstraint.h */ = {isa = PBXFileReference; fileEncoding = 4; lastKnownFileType = sourcecode.c.h; path = MASCompositeConstraint.h; sourceTree = "<group>"; };
		BBD338741C34CCD0007EB501 /* MASCompositeConstraint.m */ = {isa = PBXFileReference; fileEncoding = 4; lastKnownFileType = sourcecode.c.objc; path = MASCompositeConstraint.m; sourceTree = "<group>"; };
		BBD338751C34CCD0007EB501 /* MASConstraint+Private.h */ = {isa = PBXFileReference; fileEncoding = 4; lastKnownFileType = sourcecode.c.h; path = "MASConstraint+Private.h"; sourceTree = "<group>"; };
		BBD338761C34CCD0007EB501 /* MASConstraint.h */ = {isa = PBXFileReference; fileEncoding = 4; lastKnownFileType = sourcecode.c.h; path = MASConstraint.h; sourceTree = "<group>"; };
		BBD338771C34CCD0007EB501 /* MASConstraint.m */ = {isa = PBXFileReference; fileEncoding = 4; lastKnownFileType = sourcecode.c.objc; path = MASConstraint.m; sourceTree = "<group>"; };
		BBD338781C34CCD0007EB501 /* MASConstraintMaker.h */ = {isa = PBXFileReference; fileEncoding = 4; lastKnownFileType = sourcecode.c.h; path = MASConstraintMaker.h; sourceTree = "<group>"; };
		BBD338791C34CCD0007EB501 /* MASConstraintMaker.m */ = {isa = PBXFileReference; fileEncoding = 4; lastKnownFileType = sourcecode.c.objc; path = MASConstraintMaker.m; sourceTree = "<group>"; };
		BBD3387A1C34CCD0007EB501 /* MASLayoutConstraint.h */ = {isa = PBXFileReference; fileEncoding = 4; lastKnownFileType = sourcecode.c.h; path = MASLayoutConstraint.h; sourceTree = "<group>"; };
		BBD3387B1C34CCD0007EB501 /* MASLayoutConstraint.m */ = {isa = PBXFileReference; fileEncoding = 4; lastKnownFileType = sourcecode.c.objc; path = MASLayoutConstraint.m; sourceTree = "<group>"; };
		BBD3387C1C34CCD0007EB501 /* Masonry.h */ = {isa = PBXFileReference; fileEncoding = 4; lastKnownFileType = sourcecode.c.h; path = Masonry.h; sourceTree = "<group>"; };
		BBD3387D1C34CCD0007EB501 /* MASUtilities.h */ = {isa = PBXFileReference; fileEncoding = 4; lastKnownFileType = sourcecode.c.h; path = MASUtilities.h; sourceTree = "<group>"; };
		BBD3387E1C34CCD0007EB501 /* MASViewAttribute.h */ = {isa = PBXFileReference; fileEncoding = 4; lastKnownFileType = sourcecode.c.h; path = MASViewAttribute.h; sourceTree = "<group>"; };
		BBD3387F1C34CCD0007EB501 /* MASViewAttribute.m */ = {isa = PBXFileReference; fileEncoding = 4; lastKnownFileType = sourcecode.c.objc; path = MASViewAttribute.m; sourceTree = "<group>"; };
		BBD338801C34CCD0007EB501 /* MASViewConstraint.h */ = {isa = PBXFileReference; fileEncoding = 4; lastKnownFileType = sourcecode.c.h; path = MASViewConstraint.h; sourceTree = "<group>"; };
		BBD338811C34CCD0007EB501 /* MASViewConstraint.m */ = {isa = PBXFileReference; fileEncoding = 4; lastKnownFileType = sourcecode.c.objc; path = MASViewConstraint.m; sourceTree = "<group>"; };
		BBD338821C34CCD0007EB501 /* NSArray+MASAdditions.h */ = {isa = PBXFileReference; fileEncoding = 4; lastKnownFileType = sourcecode.c.h; path = "NSArray+MASAdditions.h"; sourceTree = "<group>"; };
		BBD338831C34CCD0007EB501 /* NSArray+MASAdditions.m */ = {isa = PBXFileReference; fileEncoding = 4; lastKnownFileType = sourcecode.c.objc; path = "NSArray+MASAdditions.m"; sourceTree = "<group>"; };
		BBD338841C34CCD0007EB501 /* NSArray+MASShorthandAdditions.h */ = {isa = PBXFileReference; fileEncoding = 4; lastKnownFileType = sourcecode.c.h; path = "NSArray+MASShorthandAdditions.h"; sourceTree = "<group>"; };
		BBD338851C34CCD0007EB501 /* NSLayoutConstraint+MASDebugAdditions.h */ = {isa = PBXFileReference; fileEncoding = 4; lastKnownFileType = sourcecode.c.h; path = "NSLayoutConstraint+MASDebugAdditions.h"; sourceTree = "<group>"; };
		BBD338861C34CCD0007EB501 /* NSLayoutConstraint+MASDebugAdditions.m */ = {isa = PBXFileReference; fileEncoding = 4; lastKnownFileType = sourcecode.c.objc; path = "NSLayoutConstraint+MASDebugAdditions.m"; sourceTree = "<group>"; };
		BBD338871C34CCD0007EB501 /* View+MASAdditions.h */ = {isa = PBXFileReference; fileEncoding = 4; lastKnownFileType = sourcecode.c.h; path = "View+MASAdditions.h"; sourceTree = "<group>"; };
		BBD338881C34CCD0007EB501 /* View+MASAdditions.m */ = {isa = PBXFileReference; fileEncoding = 4; lastKnownFileType = sourcecode.c.objc; path = "View+MASAdditions.m"; sourceTree = "<group>"; };
		BBD338891C34CCD0007EB501 /* View+MASShorthandAdditions.h */ = {isa = PBXFileReference; fileEncoding = 4; lastKnownFileType = sourcecode.c.h; path = "View+MASShorthandAdditions.h"; sourceTree = "<group>"; };
		BBD338CB1C3521A8007EB501 /* WaterTableViewCell.h */ = {isa = PBXFileReference; fileEncoding = 4; lastKnownFileType = sourcecode.c.h; path = WaterTableViewCell.h; sourceTree = "<group>"; };
		BBD338CC1C3521A8007EB501 /* WaterTableViewCell.m */ = {isa = PBXFileReference; fileEncoding = 4; lastKnownFileType = sourcecode.c.objc; path = WaterTableViewCell.m; sourceTree = "<group>"; };
		BBD338CE1C3528D8007EB501 /* Tools.h */ = {isa = PBXFileReference; fileEncoding = 4; lastKnownFileType = sourcecode.c.h; path = Tools.h; sourceTree = "<group>"; };
		BBD338CF1C3528D8007EB501 /* Tools.m */ = {isa = PBXFileReference; fileEncoding = 4; lastKnownFileType = sourcecode.c.objc; path = Tools.m; sourceTree = "<group>"; };
		BBF3904F1C33BF5B00F33768 /* emojiKeyboardTest.app */ = {isa = PBXFileReference; explicitFileType = wrapper.application; includeInIndex = 0; path = emojiKeyboardTest.app; sourceTree = BUILT_PRODUCTS_DIR; };
		BBF390531C33BF5B00F33768 /* main.m */ = {isa = PBXFileReference; lastKnownFileType = sourcecode.c.objc; path = main.m; sourceTree = "<group>"; };
		BBF390551C33BF5B00F33768 /* AppDelegate.h */ = {isa = PBXFileReference; lastKnownFileType = sourcecode.c.h; path = AppDelegate.h; sourceTree = "<group>"; };
		BBF390561C33BF5C00F33768 /* AppDelegate.m */ = {isa = PBXFileReference; lastKnownFileType = sourcecode.c.objc; path = AppDelegate.m; sourceTree = "<group>"; };
		BBF390581C33BF5C00F33768 /* ViewController.h */ = {isa = PBXFileReference; lastKnownFileType = sourcecode.c.h; path = ViewController.h; sourceTree = "<group>"; };
		BBF390591C33BF5C00F33768 /* ViewController.m */ = {isa = PBXFileReference; lastKnownFileType = sourcecode.c.objc; path = ViewController.m; sourceTree = "<group>"; };
		BBF3905C1C33BF5C00F33768 /* Base */ = {isa = PBXFileReference; lastKnownFileType = file.storyboard; name = Base; path = Base.lproj/Main.storyboard; sourceTree = "<group>"; };
		BBF3905E1C33BF5C00F33768 /* Assets.xcassets */ = {isa = PBXFileReference; lastKnownFileType = folder.assetcatalog; path = Assets.xcassets; sourceTree = "<group>"; };
		BBF390611C33BF5C00F33768 /* Base */ = {isa = PBXFileReference; lastKnownFileType = file.storyboard; name = Base; path = Base.lproj/LaunchScreen.storyboard; sourceTree = "<group>"; };
		BBF390631C33BF5C00F33768 /* Info.plist */ = {isa = PBXFileReference; lastKnownFileType = text.plist.xml; path = Info.plist; sourceTree = "<group>"; };
		BBF390681C33BF5C00F33768 /* emojiKeyboardTestTests.xctest */ = {isa = PBXFileReference; explicitFileType = wrapper.cfbundle; includeInIndex = 0; path = emojiKeyboardTestTests.xctest; sourceTree = BUILT_PRODUCTS_DIR; };
		BBF3906C1C33BF5C00F33768 /* emojiKeyboardTestTests.m */ = {isa = PBXFileReference; lastKnownFileType = sourcecode.c.objc; path = emojiKeyboardTestTests.m; sourceTree = "<group>"; };
		BBF3906E1C33BF5C00F33768 /* Info.plist */ = {isa = PBXFileReference; lastKnownFileType = text.plist.xml; path = Info.plist; sourceTree = "<group>"; };
		BBF390731C33BF5C00F33768 /* emojiKeyboardTestUITests.xctest */ = {isa = PBXFileReference; explicitFileType = wrapper.cfbundle; includeInIndex = 0; path = emojiKeyboardTestUITests.xctest; sourceTree = BUILT_PRODUCTS_DIR; };
		BBF390771C33BF5C00F33768 /* emojiKeyboardTestUITests.m */ = {isa = PBXFileReference; lastKnownFileType = sourcecode.c.objc; path = emojiKeyboardTestUITests.m; sourceTree = "<group>"; };
		BBF390791C33BF5C00F33768 /* Info.plist */ = {isa = PBXFileReference; lastKnownFileType = text.plist.xml; path = Info.plist; sourceTree = "<group>"; };
		BBF390851C33BF7B00F33768 /* Emoji.plist */ = {isa = PBXFileReference; fileEncoding = 4; lastKnownFileType = text.plist.xml; path = Emoji.plist; sourceTree = "<group>"; };
		BBF390AF1C33C60C00F33768 /* FaceView.h */ = {isa = PBXFileReference; fileEncoding = 4; lastKnownFileType = sourcecode.c.h; path = FaceView.h; sourceTree = "<group>"; };
		BBF390B01C33C60C00F33768 /* FaceView.m */ = {isa = PBXFileReference; fileEncoding = 4; lastKnownFileType = sourcecode.c.objc; path = FaceView.m; sourceTree = "<group>"; };
		BBF390B21C33D2BE00F33768 /* FaceTextAttachment.h */ = {isa = PBXFileReference; fileEncoding = 4; lastKnownFileType = sourcecode.c.h; path = FaceTextAttachment.h; sourceTree = "<group>"; };
		BBF390B31C33D2BE00F33768 /* FaceTextAttachment.m */ = {isa = PBXFileReference; fileEncoding = 4; lastKnownFileType = sourcecode.c.objc; path = FaceTextAttachment.m; sourceTree = "<group>"; };
		BBF390B51C33D45B00F33768 /* delete.png */ = {isa = PBXFileReference; lastKnownFileType = image.png; path = delete.png; sourceTree = "<group>"; };
/* End PBXFileReference section */

/* Begin PBXFrameworksBuildPhase section */
		BBF3904C1C33BF5B00F33768 /* Frameworks */ = {
			isa = PBXFrameworksBuildPhase;
			buildActionMask = 2147483647;
			files = (
				BBCFE83D1C61D18F0064125E /* CoreGraphics.framework in Frameworks */,
				BBCFE83B1C61D1870064125E /* Foundation.framework in Frameworks */,
				BBCFE8391C61D1810064125E /* UIKit.framework in Frameworks */,
				BBCFE8371C61D17B0064125E /* ImageIO.framework in Frameworks */,
				BBCFE8351C61D1740064125E /* QuartzCore.framework in Frameworks */,
				B0A6EBEF81E136340F0F1E4C /* libPods.a in Frameworks */,
			);
			runOnlyForDeploymentPostprocessing = 0;
		};
		BBF390651C33BF5C00F33768 /* Frameworks */ = {
			isa = PBXFrameworksBuildPhase;
			buildActionMask = 2147483647;
			files = (
			);
			runOnlyForDeploymentPostprocessing = 0;
		};
		BBF390701C33BF5C00F33768 /* Frameworks */ = {
			isa = PBXFrameworksBuildPhase;
			buildActionMask = 2147483647;
			files = (
			);
			runOnlyForDeploymentPostprocessing = 0;
		};
/* End PBXFrameworksBuildPhase section */

/* Begin PBXGroup section */
		9B400C379BE9D28E9831FF7B /* Frameworks */ = {
			isa = PBXGroup;
			children = (
				216715E2C78779CB252FC79F /* libPods.a */,
			);
			name = Frameworks;
			sourceTree = "<group>";
		};
		BBB361DD1C72CD5400A34A39 /* 50pxGIF+PNG */ = {
			isa = PBXGroup;
			children = (
				BBB361DE1C72CD5400A34A39 /* lyj0000.gif */,
				BBB361DF1C72CD5400A34A39 /* lyj0001.gif */,
				BBB361E01C72CD5400A34A39 /* lyj0002.gif */,
				BBB361E11C72CD5400A34A39 /* lyj0003.gif */,
				BBB361E21C72CD5400A34A39 /* lyj0004.gif */,
				BBB361E31C72CD5400A34A39 /* lyj0005.gif */,
				BBB361E41C72CD5400A34A39 /* lyj0006.gif */,
				BBB361E51C72CD5400A34A39 /* lyj0007.gif */,
				BBB361E61C72CD5400A34A39 /* lyj0008.gif */,
				BBB361E71C72CD5400A34A39 /* lyj0009.gif */,
				BBB361E81C72CD5400A34A39 /* lyj0010.gif */,
				BBB361E91C72CD5400A34A39 /* lyj0011.gif */,
				BBB361EA1C72CD5400A34A39 /* 静态图png */,
			);
			path = "50pxGIF+PNG";
			sourceTree = "<group>";
		};
		BBB361EA1C72CD5400A34A39 /* 静态图png */ = {
			isa = PBXGroup;
			children = (
				BBB361EB1C72CD5400A34A39 /* lyj0000.png */,
				BBB361EC1C72CD5400A34A39 /* lyj0001.png */,
				BBB361ED1C72CD5400A34A39 /* lyj0002.png */,
				BBB361EE1C72CD5400A34A39 /* lyj0003.png */,
				BBB361EF1C72CD5400A34A39 /* lyj0004.png */,
				BBB361F01C72CD5400A34A39 /* lyj0005.png */,
				BBB361F11C72CD5400A34A39 /* lyj0006.png */,
				BBB361F21C72CD5400A34A39 /* lyj0007.png */,
				BBB361F31C72CD5400A34A39 /* lyj0008.png */,
				BBB361F41C72CD5400A34A39 /* lyj0009.png */,
				BBB361F51C72CD5400A34A39 /* lyj0010.png */,
				BBB361F61C72CD5400A34A39 /* lyj0011.png */,
			);
			path = "静态图png";
			sourceTree = "<group>";
		};
		BBB3620F1C72F1A000A34A39 /* IQKeyBoardManager */ = {
			isa = PBXGroup;
			children = (
				BBB362101C72F1A000A34A39 /* Categories */,
				BBB3621B1C72F1A000A34A39 /* Constants */,
				BBB3621E1C72F1A000A34A39 /* IQKeyboardManager.h */,
				BBB3621F1C72F1A000A34A39 /* IQKeyboardManager.m */,
				BBB362201C72F1A000A34A39 /* IQKeyboardReturnKeyHandler.h */,
				BBB362211C72F1A000A34A39 /* IQKeyboardReturnKeyHandler.m */,
				BBB362221C72F1A000A34A39 /* IQTextView */,
				BBB362251C72F1A000A34A39 /* IQToolbar */,
				BBB3622E1C72F1A000A34A39 /* KeyboardManager.h */,
				BBB3622F1C72F1A000A34A39 /* Resources */,
			);
			path = IQKeyBoardManager;
			sourceTree = "<group>";
		};
		BBB362101C72F1A000A34A39 /* Categories */ = {
			isa = PBXGroup;
			children = (
				BBB362111C72F1A000A34A39 /* IQNSArray+Sort.h */,
				BBB362121C72F1A000A34A39 /* IQNSArray+Sort.m */,
				BBB362131C72F1A000A34A39 /* IQUITextFieldView+Additions.h */,
				BBB362141C72F1A000A34A39 /* IQUITextFieldView+Additions.m */,
				BBB362151C72F1A000A34A39 /* IQUIView+Hierarchy.h */,
				BBB362161C72F1A000A34A39 /* IQUIView+Hierarchy.m */,
				BBB362171C72F1A000A34A39 /* IQUIViewController+Additions.h */,
				BBB362181C72F1A000A34A39 /* IQUIViewController+Additions.m */,
				BBB362191C72F1A000A34A39 /* IQUIWindow+Hierarchy.h */,
				BBB3621A1C72F1A000A34A39 /* IQUIWindow+Hierarchy.m */,
			);
			path = Categories;
			sourceTree = "<group>";
		};
		BBB3621B1C72F1A000A34A39 /* Constants */ = {
			isa = PBXGroup;
			children = (
				BBB3621C1C72F1A000A34A39 /* IQKeyboardManagerConstants.h */,
				BBB3621D1C72F1A000A34A39 /* IQKeyboardManagerConstantsInternal.h */,
			);
			path = Constants;
			sourceTree = "<group>";
		};
		BBB362221C72F1A000A34A39 /* IQTextView */ = {
			isa = PBXGroup;
			children = (
				BBB362231C72F1A000A34A39 /* IQTextView.h */,
				BBB362241C72F1A000A34A39 /* IQTextView.m */,
			);
			path = IQTextView;
			sourceTree = "<group>";
		};
		BBB362251C72F1A000A34A39 /* IQToolbar */ = {
			isa = PBXGroup;
			children = (
				BBB362261C72F1A000A34A39 /* IQBarButtonItem.h */,
				BBB362271C72F1A000A34A39 /* IQBarButtonItem.m */,
				BBB362281C72F1A000A34A39 /* IQTitleBarButtonItem.h */,
				BBB362291C72F1A000A34A39 /* IQTitleBarButtonItem.m */,
				BBB3622A1C72F1A000A34A39 /* IQToolbar.h */,
				BBB3622B1C72F1A000A34A39 /* IQToolbar.m */,
				BBB3622C1C72F1A000A34A39 /* IQUIView+IQKeyboardToolbar.h */,
				BBB3622D1C72F1A000A34A39 /* IQUIView+IQKeyboardToolbar.m */,
			);
			path = IQToolbar;
			sourceTree = "<group>";
		};
		BBB3622F1C72F1A000A34A39 /* Resources */ = {
			isa = PBXGroup;
			children = (
				BBB362301C72F1A000A34A39 /* IQKeyboardManager.bundle */,
			);
			path = Resources;
			sourceTree = "<group>";
		};
		BBD338721C34CCD0007EB501 /* Masonry */ = {
			isa = PBXGroup;
			children = (
				BBD338731C34CCD0007EB501 /* MASCompositeConstraint.h */,
				BBD338741C34CCD0007EB501 /* MASCompositeConstraint.m */,
				BBD338751C34CCD0007EB501 /* MASConstraint+Private.h */,
				BBD338761C34CCD0007EB501 /* MASConstraint.h */,
				BBD338771C34CCD0007EB501 /* MASConstraint.m */,
				BBD338781C34CCD0007EB501 /* MASConstraintMaker.h */,
				BBD338791C34CCD0007EB501 /* MASConstraintMaker.m */,
				BBD3387A1C34CCD0007EB501 /* MASLayoutConstraint.h */,
				BBD3387B1C34CCD0007EB501 /* MASLayoutConstraint.m */,
				BBD3387C1C34CCD0007EB501 /* Masonry.h */,
				BBD3387D1C34CCD0007EB501 /* MASUtilities.h */,
				BBD3387E1C34CCD0007EB501 /* MASViewAttribute.h */,
				BBD3387F1C34CCD0007EB501 /* MASViewAttribute.m */,
				BBD338801C34CCD0007EB501 /* MASViewConstraint.h */,
				BBD338811C34CCD0007EB501 /* MASViewConstraint.m */,
				BBD338821C34CCD0007EB501 /* NSArray+MASAdditions.h */,
				BBD338831C34CCD0007EB501 /* NSArray+MASAdditions.m */,
				BBD338841C34CCD0007EB501 /* NSArray+MASShorthandAdditions.h */,
				BBD338851C34CCD0007EB501 /* NSLayoutConstraint+MASDebugAdditions.h */,
				BBD338861C34CCD0007EB501 /* NSLayoutConstraint+MASDebugAdditions.m */,
				BBD338871C34CCD0007EB501 /* View+MASAdditions.h */,
				BBD338881C34CCD0007EB501 /* View+MASAdditions.m */,
				BBD338891C34CCD0007EB501 /* View+MASShorthandAdditions.h */,
			);
			path = Masonry;
			sourceTree = "<group>";
		};
		BBF390461C33BF5A00F33768 = {
			isa = PBXGroup;
			children = (
				BBB361DD1C72CD5400A34A39 /* 50pxGIF+PNG */,
				BBCFE83C1C61D18F0064125E /* CoreGraphics.framework */,
				BBCFE83A1C61D1870064125E /* Foundation.framework */,
				BBCFE8381C61D1810064125E /* UIKit.framework */,
				BBCFE8361C61D17B0064125E /* ImageIO.framework */,
				BBCFE8341C61D1740064125E /* QuartzCore.framework */,
				BBD338721C34CCD0007EB501 /* Masonry */,
				BBF390511C33BF5B00F33768 /* emojiKeyboardTest */,
				BBB3620F1C72F1A000A34A39 /* IQKeyBoardManager */,
				BBF3906B1C33BF5C00F33768 /* emojiKeyboardTestTests */,
				BBF390761C33BF5C00F33768 /* emojiKeyboardTestUITests */,
				BBF390501C33BF5B00F33768 /* Products */,
				F3B8DAF8E9039C9290DCAC34 /* Pods */,
				9B400C379BE9D28E9831FF7B /* Frameworks */,
			);
			sourceTree = "<group>";
		};
		BBF390501C33BF5B00F33768 /* Products */ = {
			isa = PBXGroup;
			children = (
				BBF3904F1C33BF5B00F33768 /* emojiKeyboardTest.app */,
				BBF390681C33BF5C00F33768 /* emojiKeyboardTestTests.xctest */,
				BBF390731C33BF5C00F33768 /* emojiKeyboardTestUITests.xctest */,
			);
			name = Products;
			sourceTree = "<group>";
		};
		BBF390511C33BF5B00F33768 /* emojiKeyboardTest */ = {
			isa = PBXGroup;
			children = (
				BBF390B51C33D45B00F33768 /* delete.png */,
				BBF390551C33BF5B00F33768 /* AppDelegate.h */,
				BBF390561C33BF5C00F33768 /* AppDelegate.m */,
				BBF390581C33BF5C00F33768 /* ViewController.h */,
				BBF390591C33BF5C00F33768 /* ViewController.m */,
				BBF3905B1C33BF5C00F33768 /* Main.storyboard */,
				BBF3905E1C33BF5C00F33768 /* Assets.xcassets */,
				BBF390601C33BF5C00F33768 /* LaunchScreen.storyboard */,
				BBF390631C33BF5C00F33768 /* Info.plist */,
				BBF390521C33BF5B00F33768 /* Supporting Files */,
				BBF390851C33BF7B00F33768 /* Emoji.plist */,
				BBF390AF1C33C60C00F33768 /* FaceView.h */,
				BBF390B01C33C60C00F33768 /* FaceView.m */,
				BBF390B21C33D2BE00F33768 /* FaceTextAttachment.h */,
				BBF390B31C33D2BE00F33768 /* FaceTextAttachment.m */,
				BBD3386F1C34C8CA007EB501 /* InputView.h */,
				BBD338701C34C8CA007EB501 /* InputView.m */,
				BBD338CB1C3521A8007EB501 /* WaterTableViewCell.h */,
				BBD338CC1C3521A8007EB501 /* WaterTableViewCell.m */,
				BBD338CE1C3528D8007EB501 /* Tools.h */,
				BBD338CF1C3528D8007EB501 /* Tools.m */,
				BBA889581C3A1384000A698C /* RecordTableview.h */,
				BBA889591C3A1384000A698C /* RecordTableview.m */,
			);
			path = emojiKeyboardTest;
			sourceTree = "<group>";
		};
		BBF390521C33BF5B00F33768 /* Supporting Files */ = {
			isa = PBXGroup;
			children = (
				BBF390531C33BF5B00F33768 /* main.m */,
			);
			name = "Supporting Files";
			sourceTree = "<group>";
		};
		BBF3906B1C33BF5C00F33768 /* emojiKeyboardTestTests */ = {
			isa = PBXGroup;
			children = (
				BBF3906C1C33BF5C00F33768 /* emojiKeyboardTestTests.m */,
				BBF3906E1C33BF5C00F33768 /* Info.plist */,
			);
			path = emojiKeyboardTestTests;
			sourceTree = "<group>";
		};
		BBF390761C33BF5C00F33768 /* emojiKeyboardTestUITests */ = {
			isa = PBXGroup;
			children = (
				BBF390771C33BF5C00F33768 /* emojiKeyboardTestUITests.m */,
				BBF390791C33BF5C00F33768 /* Info.plist */,
			);
			path = emojiKeyboardTestUITests;
			sourceTree = "<group>";
		};
		F3B8DAF8E9039C9290DCAC34 /* Pods */ = {
			isa = PBXGroup;
			children = (
				66AA98A512A6D4151A40F8D5 /* Pods.debug.xcconfig */,
				9F3B6FB4FDB70D99442451C7 /* Pods.release.xcconfig */,
			);
			name = Pods;
			sourceTree = "<group>";
		};
/* End PBXGroup section */

/* Begin PBXNativeTarget section */
		BBF3904E1C33BF5B00F33768 /* emojiKeyboardTest */ = {
			isa = PBXNativeTarget;
			buildConfigurationList = BBF3907C1C33BF5C00F33768 /* Build configuration list for PBXNativeTarget "emojiKeyboardTest" */;
			buildPhases = (
				6ECD31A1943DD38C6EE7E251 /* Check Pods Manifest.lock */,
				BBF3904B1C33BF5B00F33768 /* Sources */,
				BBF3904C1C33BF5B00F33768 /* Frameworks */,
				BBF3904D1C33BF5B00F33768 /* Resources */,
				F6C67D4CB7C0FACE79EC49F8 /* Embed Pods Frameworks */,
				5D2526D42089FD9AC324FCDA /* Copy Pods Resources */,
			);
			buildRules = (
			);
			dependencies = (
			);
			name = emojiKeyboardTest;
			productName = emojiKeyboardTest;
			productReference = BBF3904F1C33BF5B00F33768 /* emojiKeyboardTest.app */;
			productType = "com.apple.product-type.application";
		};
		BBF390671C33BF5C00F33768 /* emojiKeyboardTestTests */ = {
			isa = PBXNativeTarget;
			buildConfigurationList = BBF3907F1C33BF5C00F33768 /* Build configuration list for PBXNativeTarget "emojiKeyboardTestTests" */;
			buildPhases = (
				BBF390641C33BF5C00F33768 /* Sources */,
				BBF390651C33BF5C00F33768 /* Frameworks */,
				BBF390661C33BF5C00F33768 /* Resources */,
			);
			buildRules = (
			);
			dependencies = (
				BBF3906A1C33BF5C00F33768 /* PBXTargetDependency */,
			);
			name = emojiKeyboardTestTests;
			productName = emojiKeyboardTestTests;
			productReference = BBF390681C33BF5C00F33768 /* emojiKeyboardTestTests.xctest */;
			productType = "com.apple.product-type.bundle.unit-test";
		};
		BBF390721C33BF5C00F33768 /* emojiKeyboardTestUITests */ = {
			isa = PBXNativeTarget;
			buildConfigurationList = BBF390821C33BF5C00F33768 /* Build configuration list for PBXNativeTarget "emojiKeyboardTestUITests" */;
			buildPhases = (
				BBF3906F1C33BF5C00F33768 /* Sources */,
				BBF390701C33BF5C00F33768 /* Frameworks */,
				BBF390711C33BF5C00F33768 /* Resources */,
			);
			buildRules = (
			);
			dependencies = (
				BBF390751C33BF5C00F33768 /* PBXTargetDependency */,
			);
			name = emojiKeyboardTestUITests;
			productName = emojiKeyboardTestUITests;
			productReference = BBF390731C33BF5C00F33768 /* emojiKeyboardTestUITests.xctest */;
			productType = "com.apple.product-type.bundle.ui-testing";
		};
/* End PBXNativeTarget section */

/* Begin PBXProject section */
		BBF390471C33BF5B00F33768 /* Project object */ = {
			isa = PBXProject;
			attributes = {
				LastUpgradeCheck = 0710;
				ORGANIZATIONNAME = com.TYToO;
				TargetAttributes = {
					BBF3904E1C33BF5B00F33768 = {
						CreatedOnToolsVersion = 7.1;
						DevelopmentTeam = 5NWW3UD5Z7;
					};
					BBF390671C33BF5C00F33768 = {
						CreatedOnToolsVersion = 7.1;
						TestTargetID = BBF3904E1C33BF5B00F33768;
					};
					BBF390721C33BF5C00F33768 = {
						CreatedOnToolsVersion = 7.1;
						TestTargetID = BBF3904E1C33BF5B00F33768;
					};
				};
			};
			buildConfigurationList = BBF3904A1C33BF5B00F33768 /* Build configuration list for PBXProject "emojiKeyboardTest" */;
			compatibilityVersion = "Xcode 3.2";
			developmentRegion = English;
			hasScannedForEncodings = 0;
			knownRegions = (
				en,
				Base,
			);
			mainGroup = BBF390461C33BF5A00F33768;
			productRefGroup = BBF390501C33BF5B00F33768 /* Products */;
			projectDirPath = "";
			projectRoot = "";
			targets = (
				BBF3904E1C33BF5B00F33768 /* emojiKeyboardTest */,
				BBF390671C33BF5C00F33768 /* emojiKeyboardTestTests */,
				BBF390721C33BF5C00F33768 /* emojiKeyboardTestUITests */,
			);
		};
/* End PBXProject section */

/* Begin PBXResourcesBuildPhase section */
		BBF3904D1C33BF5B00F33768 /* Resources */ = {
			isa = PBXResourcesBuildPhase;
			buildActionMask = 2147483647;
			files = (
				BBF390621C33BF5C00F33768 /* LaunchScreen.storyboard in Resources */,
				BBF390861C33BF7B00F33768 /* Emoji.plist in Resources */,
				BBB362011C72CD5400A34A39 /* lyj0010.gif in Resources */,
				BBB3623D1C72F1A000A34A39 /* IQKeyboardManager.bundle in Resources */,
				BBB361FA1C72CD5400A34A39 /* lyj0003.gif in Resources */,
				BBB361FD1C72CD5400A34A39 /* lyj0006.gif in Resources */,
				BBB361FE1C72CD5400A34A39 /* lyj0007.gif in Resources */,
				BBB361FC1C72CD5400A34A39 /* lyj0005.gif in Resources */,
				BBB3620A1C72CD5400A34A39 /* lyj0007.png in Resources */,
				BBB362071C72CD5400A34A39 /* lyj0004.png in Resources */,
				BBF3905F1C33BF5C00F33768 /* Assets.xcassets in Resources */,
				BBB361F71C72CD5400A34A39 /* lyj0000.gif in Resources */,
				BBB361F91C72CD5400A34A39 /* lyj0002.gif in Resources */,
				BBB3620B1C72CD5400A34A39 /* lyj0008.png in Resources */,
				BBB362091C72CD5400A34A39 /* lyj0006.png in Resources */,
				BBB362031C72CD5400A34A39 /* lyj0000.png in Resources */,
				BBB361FF1C72CD5400A34A39 /* lyj0008.gif in Resources */,
				BBB3620C1C72CD5400A34A39 /* lyj0009.png in Resources */,
				BBB3620E1C72CD5400A34A39 /* lyj0011.png in Resources */,
				BBB3620D1C72CD5400A34A39 /* lyj0010.png in Resources */,
				BBB361FB1C72CD5400A34A39 /* lyj0004.gif in Resources */,
				BBB362001C72CD5400A34A39 /* lyj0009.gif in Resources */,
				BBF390B61C33D45B00F33768 /* delete.png in Resources */,
				BBB362041C72CD5400A34A39 /* lyj0001.png in Resources */,
				BBB362021C72CD5400A34A39 /* lyj0011.gif in Resources */,
				BBB361F81C72CD5400A34A39 /* lyj0001.gif in Resources */,
				BBF3905D1C33BF5C00F33768 /* Main.storyboard in Resources */,
				BBB362061C72CD5400A34A39 /* lyj0003.png in Resources */,
				BBB362081C72CD5400A34A39 /* lyj0005.png in Resources */,
				BBB362051C72CD5400A34A39 /* lyj0002.png in Resources */,
			);
			runOnlyForDeploymentPostprocessing = 0;
		};
		BBF390661C33BF5C00F33768 /* Resources */ = {
			isa = PBXResourcesBuildPhase;
			buildActionMask = 2147483647;
			files = (
			);
			runOnlyForDeploymentPostprocessing = 0;
		};
		BBF390711C33BF5C00F33768 /* Resources */ = {
			isa = PBXResourcesBuildPhase;
			buildActionMask = 2147483647;
			files = (
			);
			runOnlyForDeploymentPostprocessing = 0;
		};
/* End PBXResourcesBuildPhase section */

/* Begin PBXShellScriptBuildPhase section */
		5D2526D42089FD9AC324FCDA /* Copy Pods Resources */ = {
			isa = PBXShellScriptBuildPhase;
			buildActionMask = 2147483647;
			files = (
			);
			inputPaths = (
			);
			name = "Copy Pods Resources";
			outputPaths = (
			);
			runOnlyForDeploymentPostprocessing = 0;
			shellPath = /bin/sh;
			shellScript = "\"${SRCROOT}/Pods/Target Support Files/Pods/Pods-resources.sh\"\n";
			showEnvVarsInLog = 0;
		};
		6ECD31A1943DD38C6EE7E251 /* Check Pods Manifest.lock */ = {
			isa = PBXShellScriptBuildPhase;
			buildActionMask = 2147483647;
			files = (
			);
			inputPaths = (
			);
			name = "Check Pods Manifest.lock";
			outputPaths = (
			);
			runOnlyForDeploymentPostprocessing = 0;
			shellPath = /bin/sh;
			shellScript = "diff \"${PODS_ROOT}/../Podfile.lock\" \"${PODS_ROOT}/Manifest.lock\" > /dev/null\nif [[ $? != 0 ]] ; then\n    cat << EOM\nerror: The sandbox is not in sync with the Podfile.lock. Run 'pod install' or update your CocoaPods installation.\nEOM\n    exit 1\nfi\n";
			showEnvVarsInLog = 0;
		};
		F6C67D4CB7C0FACE79EC49F8 /* Embed Pods Frameworks */ = {
			isa = PBXShellScriptBuildPhase;
			buildActionMask = 2147483647;
			files = (
			);
			inputPaths = (
			);
			name = "Embed Pods Frameworks";
			outputPaths = (
			);
			runOnlyForDeploymentPostprocessing = 0;
			shellPath = /bin/sh;
			shellScript = "\"${SRCROOT}/Pods/Target Support Files/Pods/Pods-frameworks.sh\"\n";
			showEnvVarsInLog = 0;
		};
/* End PBXShellScriptBuildPhase section */

/* Begin PBXSourcesBuildPhase section */
		BBF3904B1C33BF5B00F33768 /* Sources */ = {
			isa = PBXSourcesBuildPhase;
			buildActionMask = 2147483647;
			files = (
				BBD3388B1C34CCD0007EB501 /* MASConstraint.m in Sources */,
				BBD3388E1C34CCD0007EB501 /* MASViewAttribute.m in Sources */,
				BBB362351C72F1A000A34A39 /* IQUIWindow+Hierarchy.m in Sources */,
				BBD338901C34CCD0007EB501 /* NSArray+MASAdditions.m in Sources */,
				BBB3623B1C72F1A000A34A39 /* IQToolbar.m in Sources */,
				BBB362361C72F1A000A34A39 /* IQKeyboardManager.m in Sources */,
				BBB362341C72F1A000A34A39 /* IQUIViewController+Additions.m in Sources */,
				BBB362381C72F1A000A34A39 /* IQTextView.m in Sources */,
				BBB362371C72F1A000A34A39 /* IQKeyboardReturnKeyHandler.m in Sources */,
				BBB362311C72F1A000A34A39 /* IQNSArray+Sort.m in Sources */,
				BBF3905A1C33BF5C00F33768 /* ViewController.m in Sources */,
				BBB3623A1C72F1A000A34A39 /* IQTitleBarButtonItem.m in Sources */,
				BBD3388F1C34CCD0007EB501 /* MASViewConstraint.m in Sources */,
				BBD3388D1C34CCD0007EB501 /* MASLayoutConstraint.m in Sources */,
				BBF390B41C33D2BE00F33768 /* FaceTextAttachment.m in Sources */,
				BBF390571C33BF5C00F33768 /* AppDelegate.m in Sources */,
				BBD338CD1C3521A8007EB501 /* WaterTableViewCell.m in Sources */,
				BBD338D01C3528D8007EB501 /* Tools.m in Sources */,
				BBB3623C1C72F1A000A34A39 /* IQUIView+IQKeyboardToolbar.m in Sources */,
				BBD338921C34CCD0007EB501 /* View+MASAdditions.m in Sources */,
				BBD3388A1C34CCD0007EB501 /* MASCompositeConstraint.m in Sources */,
				BBB362331C72F1A000A34A39 /* IQUIView+Hierarchy.m in Sources */,
				BBD338911C34CCD0007EB501 /* NSLayoutConstraint+MASDebugAdditions.m in Sources */,
				BBA8895A1C3A1384000A698C /* RecordTableview.m in Sources */,
				BBB362391C72F1A000A34A39 /* IQBarButtonItem.m in Sources */,
				BBD3388C1C34CCD0007EB501 /* MASConstraintMaker.m in Sources */,
				BBD338711C34C8CA007EB501 /* InputView.m in Sources */,
				BBB362321C72F1A000A34A39 /* IQUITextFieldView+Additions.m in Sources */,
				BBF390541C33BF5B00F33768 /* main.m in Sources */,
				BBF390B11C33C60C00F33768 /* FaceView.m in Sources */,
			);
			runOnlyForDeploymentPostprocessing = 0;
		};
		BBF390641C33BF5C00F33768 /* Sources */ = {
			isa = PBXSourcesBuildPhase;
			buildActionMask = 2147483647;
			files = (
				BBF3906D1C33BF5C00F33768 /* emojiKeyboardTestTests.m in Sources */,
			);
			runOnlyForDeploymentPostprocessing = 0;
		};
		BBF3906F1C33BF5C00F33768 /* Sources */ = {
			isa = PBXSourcesBuildPhase;
			buildActionMask = 2147483647;
			files = (
				BBF390781C33BF5C00F33768 /* emojiKeyboardTestUITests.m in Sources */,
			);
			runOnlyForDeploymentPostprocessing = 0;
		};
/* End PBXSourcesBuildPhase section */

/* Begin PBXTargetDependency section */
		BBF3906A1C33BF5C00F33768 /* PBXTargetDependency */ = {
			isa = PBXTargetDependency;
			target = BBF3904E1C33BF5B00F33768 /* emojiKeyboardTest */;
			targetProxy = BBF390691C33BF5C00F33768 /* PBXContainerItemProxy */;
		};
		BBF390751C33BF5C00F33768 /* PBXTargetDependency */ = {
			isa = PBXTargetDependency;
			target = BBF3904E1C33BF5B00F33768 /* emojiKeyboardTest */;
			targetProxy = BBF390741C33BF5C00F33768 /* PBXContainerItemProxy */;
		};
/* End PBXTargetDependency section */

/* Begin PBXVariantGroup section */
		BBF3905B1C33BF5C00F33768 /* Main.storyboard */ = {
			isa = PBXVariantGroup;
			children = (
				BBF3905C1C33BF5C00F33768 /* Base */,
			);
			name = Main.storyboard;
			sourceTree = "<group>";
		};
		BBF390601C33BF5C00F33768 /* LaunchScreen.storyboard */ = {
			isa = PBXVariantGroup;
			children = (
				BBF390611C33BF5C00F33768 /* Base */,
			);
			name = LaunchScreen.storyboard;
			sourceTree = "<group>";
		};
/* End PBXVariantGroup section */

/* Begin XCBuildConfiguration section */
		BBF3907A1C33BF5C00F33768 /* Debug */ = {
			isa = XCBuildConfiguration;
			buildSettings = {
				ALWAYS_SEARCH_USER_PATHS = NO;
				CLANG_CXX_LANGUAGE_STANDARD = "gnu++0x";
				CLANG_CXX_LIBRARY = "libc++";
				CLANG_ENABLE_MODULES = YES;
				CLANG_ENABLE_OBJC_ARC = YES;
				CLANG_WARN_BOOL_CONVERSION = YES;
				CLANG_WARN_CONSTANT_CONVERSION = YES;
				CLANG_WARN_DIRECT_OBJC_ISA_USAGE = YES_ERROR;
				CLANG_WARN_EMPTY_BODY = YES;
				CLANG_WARN_ENUM_CONVERSION = YES;
				CLANG_WARN_INT_CONVERSION = YES;
				CLANG_WARN_OBJC_ROOT_CLASS = YES_ERROR;
				CLANG_WARN_UNREACHABLE_CODE = YES;
				CLANG_WARN__DUPLICATE_METHOD_MATCH = YES;
				"CODE_SIGN_IDENTITY[sdk=iphoneos*]" = "iPhone Developer";
				COPY_PHASE_STRIP = NO;
				DEBUG_INFORMATION_FORMAT = dwarf;
				ENABLE_STRICT_OBJC_MSGSEND = YES;
				ENABLE_TESTABILITY = YES;
				GCC_C_LANGUAGE_STANDARD = gnu99;
				GCC_DYNAMIC_NO_PIC = NO;
				GCC_NO_COMMON_BLOCKS = YES;
				GCC_OPTIMIZATION_LEVEL = 0;
				GCC_PREPROCESSOR_DEFINITIONS = (
					"DEBUG=1",
					"$(inherited)",
				);
				GCC_WARN_64_TO_32_BIT_CONVERSION = YES;
				GCC_WARN_ABOUT_RETURN_TYPE = YES_ERROR;
				GCC_WARN_UNDECLARED_SELECTOR = YES;
				GCC_WARN_UNINITIALIZED_AUTOS = YES_AGGRESSIVE;
				GCC_WARN_UNUSED_FUNCTION = YES;
				GCC_WARN_UNUSED_VARIABLE = YES;
				IPHONEOS_DEPLOYMENT_TARGET = 9.1;
				MTL_ENABLE_DEBUG_INFO = YES;
				ONLY_ACTIVE_ARCH = YES;
				SDKROOT = iphoneos;
			};
			name = Debug;
		};
		BBF3907B1C33BF5C00F33768 /* Release */ = {
			isa = XCBuildConfiguration;
			buildSettings = {
				ALWAYS_SEARCH_USER_PATHS = NO;
				CLANG_CXX_LANGUAGE_STANDARD = "gnu++0x";
				CLANG_CXX_LIBRARY = "libc++";
				CLANG_ENABLE_MODULES = YES;
				CLANG_ENABLE_OBJC_ARC = YES;
				CLANG_WARN_BOOL_CONVERSION = YES;
				CLANG_WARN_CONSTANT_CONVERSION = YES;
				CLANG_WARN_DIRECT_OBJC_ISA_USAGE = YES_ERROR;
				CLANG_WARN_EMPTY_BODY = YES;
				CLANG_WARN_ENUM_CONVERSION = YES;
				CLANG_WARN_INT_CONVERSION = YES;
				CLANG_WARN_OBJC_ROOT_CLASS = YES_ERROR;
				CLANG_WARN_UNREACHABLE_CODE = YES;
				CLANG_WARN__DUPLICATE_METHOD_MATCH = YES;
				"CODE_SIGN_IDENTITY[sdk=iphoneos*]" = "iPhone Developer";
				COPY_PHASE_STRIP = NO;
				DEBUG_INFORMATION_FORMAT = "dwarf-with-dsym";
				ENABLE_NS_ASSERTIONS = NO;
				ENABLE_STRICT_OBJC_MSGSEND = YES;
				GCC_C_LANGUAGE_STANDARD = gnu99;
				GCC_NO_COMMON_BLOCKS = YES;
				GCC_WARN_64_TO_32_BIT_CONVERSION = YES;
				GCC_WARN_ABOUT_RETURN_TYPE = YES_ERROR;
				GCC_WARN_UNDECLARED_SELECTOR = YES;
				GCC_WARN_UNINITIALIZED_AUTOS = YES_AGGRESSIVE;
				GCC_WARN_UNUSED_FUNCTION = YES;
				GCC_WARN_UNUSED_VARIABLE = YES;
				IPHONEOS_DEPLOYMENT_TARGET = 9.1;
				MTL_ENABLE_DEBUG_INFO = NO;
				SDKROOT = iphoneos;
				VALIDATE_PRODUCT = YES;
			};
			name = Release;
		};
		BBF3907D1C33BF5C00F33768 /* Debug */ = {
			isa = XCBuildConfiguration;
			baseConfigurationReference = 66AA98A512A6D4151A40F8D5 /* Pods.debug.xcconfig */;
			buildSettings = {
				ASSETCATALOG_COMPILER_APPICON_NAME = AppIcon;
				CODE_SIGN_IDENTITY = "iPhone Developer";
				"CODE_SIGN_IDENTITY[sdk=iphoneos*]" = "iPhone Developer";
				FRAMEWORK_SEARCH_PATHS = (
					"$(inherited)",
					"$(PROJECT_DIR)/YYImage/Vendor",
				);
				INFOPLIST_FILE = emojiKeyboardTest/Info.plist;
				IPHONEOS_DEPLOYMENT_TARGET = 8.0;
				LD_RUNPATH_SEARCH_PATHS = "$(inherited) @executable_path/Frameworks";
				PRODUCT_BUNDLE_IDENTIFIER = com.flygps.emojiKeyboardTest;
				PRODUCT_NAME = "$(TARGET_NAME)";
				PROVISIONING_PROFILE = "";
			};
			name = Debug;
		};
		BBF3907E1C33BF5C00F33768 /* Release */ = {
			isa = XCBuildConfiguration;
			baseConfigurationReference = 9F3B6FB4FDB70D99442451C7 /* Pods.release.xcconfig */;
			buildSettings = {
				ASSETCATALOG_COMPILER_APPICON_NAME = AppIcon;
				CODE_SIGN_IDENTITY = "iPhone Developer";
				"CODE_SIGN_IDENTITY[sdk=iphoneos*]" = "iPhone Developer";
				FRAMEWORK_SEARCH_PATHS = (
					"$(inherited)",
					"$(PROJECT_DIR)/YYImage/Vendor",
				);
				INFOPLIST_FILE = emojiKeyboardTest/Info.plist;
				IPHONEOS_DEPLOYMENT_TARGET = 8.0;
				LD_RUNPATH_SEARCH_PATHS = "$(inherited) @executable_path/Frameworks";
				PRODUCT_BUNDLE_IDENTIFIER = com.flygps.emojiKeyboardTest;
				PRODUCT_NAME = "$(TARGET_NAME)";
				PROVISIONING_PROFILE = "";
			};
			name = Release;
		};
		BBF390801C33BF5C00F33768 /* Debug */ = {
			isa = XCBuildConfiguration;
			buildSettings = {
				BUNDLE_LOADER = "$(TEST_HOST)";
				INFOPLIST_FILE = emojiKeyboardTestTests/Info.plist;
				LD_RUNPATH_SEARCH_PATHS = "$(inherited) @executable_path/Frameworks @loader_path/Frameworks";
				PRODUCT_BUNDLE_IDENTIFIER = com.flygps.emojiKeyboardTestTests;
				PRODUCT_NAME = "$(TARGET_NAME)";
				TEST_HOST = "$(BUILT_PRODUCTS_DIR)/emojiKeyboardTest.app/emojiKeyboardTest";
			};
			name = Debug;
		};
		BBF390811C33BF5C00F33768 /* Release */ = {
			isa = XCBuildConfiguration;
			buildSettings = {
				BUNDLE_LOADER = "$(TEST_HOST)";
				INFOPLIST_FILE = emojiKeyboardTestTests/Info.plist;
				LD_RUNPATH_SEARCH_PATHS = "$(inherited) @executable_path/Frameworks @loader_path/Frameworks";
				PRODUCT_BUNDLE_IDENTIFIER = com.flygps.emojiKeyboardTestTests;
				PRODUCT_NAME = "$(TARGET_NAME)";
				TEST_HOST = "$(BUILT_PRODUCTS_DIR)/emojiKeyboardTest.app/emojiKeyboardTest";
			};
			name = Release;
		};
		BBF390831C33BF5C00F33768 /* Debug */ = {
			isa = XCBuildConfiguration;
			buildSettings = {
				INFOPLIST_FILE = emojiKeyboardTestUITests/Info.plist;
				LD_RUNPATH_SEARCH_PATHS = "$(inherited) @executable_path/Frameworks @loader_path/Frameworks";
				PRODUCT_BUNDLE_IDENTIFIER = com.flygps.emojiKeyboardTestUITests;
				PRODUCT_NAME = "$(TARGET_NAME)";
				TEST_TARGET_NAME = emojiKeyboardTest;
				USES_XCTRUNNER = YES;
			};
			name = Debug;
		};
		BBF390841C33BF5C00F33768 /* Release */ = {
			isa = XCBuildConfiguration;
			buildSettings = {
				INFOPLIST_FILE = emojiKeyboardTestUITests/Info.plist;
				LD_RUNPATH_SEARCH_PATHS = "$(inherited) @executable_path/Frameworks @loader_path/Frameworks";
				PRODUCT_BUNDLE_IDENTIFIER = com.flygps.emojiKeyboardTestUITests;
				PRODUCT_NAME = "$(TARGET_NAME)";
				TEST_TARGET_NAME = emojiKeyboardTest;
				USES_XCTRUNNER = YES;
			};
			name = Release;
		};
/* End XCBuildConfiguration section */

/* Begin XCConfigurationList section */
		BBF3904A1C33BF5B00F33768 /* Build configuration list for PBXProject "emojiKeyboardTest" */ = {
			isa = XCConfigurationList;
			buildConfigurations = (
				BBF3907A1C33BF5C00F33768 /* Debug */,
				BBF3907B1C33BF5C00F33768 /* Release */,
			);
			defaultConfigurationIsVisible = 0;
			defaultConfigurationName = Release;
		};
		BBF3907C1C33BF5C00F33768 /* Build configuration list for PBXNativeTarget "emojiKeyboardTest" */ = {
			isa = XCConfigurationList;
			buildConfigurations = (
				BBF3907D1C33BF5C00F33768 /* Debug */,
				BBF3907E1C33BF5C00F33768 /* Release */,
			);
			defaultConfigurationIsVisible = 0;
			defaultConfigurationName = Release;
		};
		BBF3907F1C33BF5C00F33768 /* Build configuration list for PBXNativeTarget "emojiKeyboardTestTests" */ = {
			isa = XCConfigurationList;
			buildConfigurations = (
				BBF390801C33BF5C00F33768 /* Debug */,
				BBF390811C33BF5C00F33768 /* Release */,
			);
			defaultConfigurationIsVisible = 0;
			defaultConfigurationName = Release;
		};
		BBF390821C33BF5C00F33768 /* Build configuration list for PBXNativeTarget "emojiKeyboardTestUITests" */ = {
			isa = XCConfigurationList;
			buildConfigurations = (
				BBF390831C33BF5C00F33768 /* Debug */,
				BBF390841C33BF5C00F33768 /* Release */,
			);
			defaultConfigurationIsVisible = 0;
			defaultConfigurationName = Release;
		};
/* End XCConfigurationList section */
	};
	rootObject = BBF390471C33BF5B00F33768 /* Project object */;
}
